{
  "name": "angular-electron",
  "version": "11.1.0",
  "lockfileVersion": 1,
  "requires": true,
  "dependencies": {
    "custom-electron-titlebar": {
      "version": "4.1.1",
      "resolved": "https://registry.npmjs.org/custom-electron-titlebar/-/custom-electron-titlebar-4.1.1.tgz",
      "integrity": "sha512-gLdQDYzHCHA83QVGRITaKlKB6NpJ6HZXD6oRKenkocSRTG3HFL9oXPbNfF5vGRaF1JjxsGoOu+/QS4Y4YGRbTw=="
    }
  }
}
